
Microsoft Visual Studio Solution File, Format Version 12.00
# Visual Studio 15
VisualStudioVersion = 15.0.28307.852
MinimumVisualStudioVersion = 10.0.40219.1
Project("{FAE04EC0-301F-11D3-BF4B-00C04F79EFBC}") = "PruebaExamen", "PruebaExamen\PruebaExamen.csproj", "{197C4BD0-4AD4-41D2-9901-E93770AE0880}"
EndProject
Global
	GlobalSection(SolutionConfigurationPlatforms) = preSolution
		Debug|Any CPU = Debug|Any CPU
		Release|Any CPU = Release|Any CPU
	EndGlobalSection
	GlobalSection(ProjectConfigurationPlatforms) = postSolution
		{197C4BD0-4AD4-41D2-9901-E93770AE0880}.Debug|Any CPU.ActiveCfg = Debug|Any CPU
		{197C4BD0-4AD4-41D2-9901-E93770AE0880}.Debug|Any CPU.Build.0 = Debug|Any CPU
		{197C4BD0-4AD4-41D2-9901-E93770AE0880}.Release|Any CPU.ActiveCfg = Release|Any CPU
		{197C4BD0-4AD4-41D2-9901-E93770AE0880}.Release|Any CPU.Build.0 = Release|Any CPU
	EndGlobalSection
	GlobalSection(SolutionProperties) = preSolution
		HideSolutionNode = FALSE
	EndGlobalSection
	GlobalSection(ExtensibilityGlobals) = postSolution
		SolutionGuid = {FD1C50C2-2E92-4DB6-B3C0-3469EA60EFF2}
	EndGlobalSection
EndGlobal
